
Microsoft Visual Studio Solution File, Format Version 12.00
# Visual Studio Version 16
VisualStudioVersion = 16.0.30907.101
MinimumVisualStudioVersion = 10.0.40219.1
Project("{FAE04EC0-301F-11D3-BF4B-00C04F79EFBC}") = "Bankmanagement", "Bankmanagement\Bankmanagement.csproj", "{FFB6AB92-96DB-4D18-B07B-8013529137F1}"
EndProject
Global
	GlobalSection(SolutionConfigurationPlatforms) = preSolution
		Debug|Any CPU = Debug|Any CPU
		Release|Any CPU = Release|Any CPU
	EndGlobalSection
	GlobalSection(ProjectConfigurationPlatforms) = postSolution
		{FFB6AB92-96DB-4D18-B07B-8013529137F1}.Debug|Any CPU.ActiveCfg = Debug|Any CPU
		{FFB6AB92-96DB-4D18-B07B-8013529137F1}.Debug|Any CPU.Build.0 = Debug|Any CPU
		{FFB6AB92-96DB-4D18-B07B-8013529137F1}.Release|Any CPU.ActiveCfg = Release|Any CPU
		{FFB6AB92-96DB-4D18-B07B-8013529137F1}.Release|Any CPU.Build.0 = Release|Any CPU
	EndGlobalSection
	GlobalSection(SolutionProperties) = preSolution
		HideSolutionNode = FALSE
	EndGlobalSection
	GlobalSection(ExtensibilityGlobals) = postSolution
		SolutionGuid = {DFAB2A12-0B02-43A5-B35E-61280873C9D9}
	EndGlobalSection
EndGlobal
